<?xml version="1.0" encoding="utf-8"?>
<Project ToolsVersion="4.0" xmlns="http://schemas.microsoft.com/developer/msbuild/2003">
  <ItemGroup>
    <Filter Include="Source Files">
      <UniqueIdentifier>{51ac6be1-baec-4f58-a3e1-34a36758422a}</UniqueIdentifier>
      <Extensions>cpp;c;cxx;rc;def;r;odl;idl;hpj;bat</Extensions>
    </Filter>
    <Filter Include="Header Files">
      <UniqueIdentifier>{8cca1442-a36e-4091-bf88-8da8cd32e86a}</UniqueIdentifier>
      <Extensions>h;hpp;hxx;hm;inl</Extensions>
    </Filter>
    <Filter Include="Resource Files">
      <UniqueIdentifier>{06332f47-ec30-4f82-9862-8f01b2b81f9f}</UniqueIdentifier>
      <Extensions>ico;cur;bmp;dlg;rc2;rct;bin;rgs;gif;jpg;jpeg;jpe</Extensions>
    </Filter>
  </ItemGroup>
  <ItemGroup>
    <ClCompile Include="BSWndContainer.cpp">
      <Filter>Source Files</Filter>
    </ClCompile>
    <ClCompile Include="ExButton.cpp">
      <Filter>Source Files</Filter>
    </ClCompile>
    <ClCompile Include="MultiPlay.cpp">
      <Filter>Source Files</Filter>
    </ClCompile>
    <ClCompile Include="PlayApi.cpp">
      <Filter>Source Files</Filter>
    </ClCompile>
    <ClCompile Include="PlayWnd.cpp">
      <Filter>Source Files</Filter>
    </ClCompile>
    <ClCompile Include="PtzMenu.cpp">
      <Filter>Source Files</Filter>
    </ClCompile>
    <ClCompile Include="PtzScreen.cpp">
      <Filter>Source Files</Filter>
    </ClCompile>
    <ClCompile Include="RealPlayAndPTZControl.cpp">
      <Filter>Source Files</Filter>
    </ClCompile>
    <ClCompile Include="RealPlayAndPTZControlDlg.cpp">
      <Filter>Source Files</Filter>
    </ClCompile>
    <ClCompile Include="StdAfx.cpp">
      <Filter>Source Files</Filter>
    </ClCompile>
    <ClCompile Include="VideoNodeInfo.cpp">
      <Filter>Source Files</Filter>
    </ClCompile>
    <ClCompile Include="Logger.cpp">
      <Filter>Source Files</Filter>
    </ClCompile>
  </ItemGroup>
  <ItemGroup>
    <ResourceCompile Include="RealPlayAndPTZControl.rc">
      <Filter>Source Files</Filter>
    </ResourceCompile>
  </ItemGroup>
  <ItemGroup>
    <ClInclude Include="BSWndContainer.h">
      <Filter>Header Files</Filter>
    </ClInclude>
    <ClInclude Include="ExButton.h">
      <Filter>Header Files</Filter>
    </ClInclude>
    <ClInclude Include="MultiPlay.h">
      <Filter>Header Files</Filter>
    </ClInclude>
    <ClInclude Include="PlayApi.h">
      <Filter>Header Files</Filter>
    </ClInclude>
    <ClInclude Include="PlayWnd.h">
      <Filter>Header Files</Filter>
    </ClInclude>
    <ClInclude Include="PtzMenu.h">
      <Filter>Header Files</Filter>
    </ClInclude>
    <ClInclude Include="PtzScreen.h">
      <Filter>Header Files</Filter>
    </ClInclude>
    <ClInclude Include="RealPlayAndPTZControl.h">
      <Filter>Header Files</Filter>
    </ClInclude>
    <ClInclude Include="RealPlayAndPTZControlDlg.h">
      <Filter>Header Files</Filter>
    </ClInclude>
    <ClInclude Include="Resource.h">
      <Filter>Header Files</Filter>
    </ClInclude>
    <ClInclude Include="StdAfx.h">
      <Filter>Header Files</Filter>
    </ClInclude>
    <ClInclude Include="VideoNodeInfo.h">
      <Filter>Header Files</Filter>
    </ClInclude>
    <ClInclude Include="Logger.h">
      <Filter>Header Files</Filter>
    </ClInclude>
  </ItemGroup>
  <ItemGroup>
    <Image Include="res\RealPlayAndPTZControl.ico">
      <Filter>Resource Files</Filter>
    </Image>
  </ItemGroup>
  <ItemGroup>
    <None Include="res\RealPlayAndPTZControl.rc2">
      <Filter>Resource Files</Filter>
    </None>
  </ItemGroup>
  <ItemGroup>
    <Text Include="ReadMe.txt" />
  </ItemGroup>
</Project>